
Microsoft Visual Studio Solution File, Format Version 12.00
# Visual Studio Version 16
VisualStudioVersion = 16.0.31515.178
MinimumVisualStudioVersion = 10.0.40219.1
Project("{9A19103F-16F7-4668-BE54-9A1E7A4F7556}") = "TesteFoa", "TesteFoa.csproj", "{79E6006A-E43A-41FA-AB71-C7A48A48E365}"
EndProject
Global
	GlobalSection(SolutionConfigurationPlatforms) = preSolution
		Debug|Any CPU = Debug|Any CPU
		Release|Any CPU = Release|Any CPU
	EndGlobalSection
	GlobalSection(ProjectConfigurationPlatforms) = postSolution
		{79E6006A-E43A-41FA-AB71-C7A48A48E365}.Debug|Any CPU.ActiveCfg = Debug|Any CPU
		{79E6006A-E43A-41FA-AB71-C7A48A48E365}.Debug|Any CPU.Build.0 = Debug|Any CPU
		{79E6006A-E43A-41FA-AB71-C7A48A48E365}.Release|Any CPU.ActiveCfg = Release|Any CPU
		{79E6006A-E43A-41FA-AB71-C7A48A48E365}.Release|Any CPU.Build.0 = Release|Any CPU
	EndGlobalSection
	GlobalSection(SolutionProperties) = preSolution
		HideSolutionNode = FALSE
	EndGlobalSection
	GlobalSection(ExtensibilityGlobals) = postSolution
		SolutionGuid = {D92C252B-F1AE-4EFD-B27A-3CB22D858389}
	EndGlobalSection
EndGlobal
